
Microsoft Visual Studio Solution File, Format Version 12.00
# Visual Studio Version 16
VisualStudioVersion = 16.0.30517.126
MinimumVisualStudioVersion = 10.0.40219.1
Project("{FAE04EC0-301F-11D3-BF4B-00C04F79EFBC}") = "swagger-openapi-netcore", "swagger-openapi-netcore\swagger-openapi-netcore.csproj", "{51B77834-3325-465C-95AA-22D45A90727D}"
EndProject
Global
	GlobalSection(SolutionConfigurationPlatforms) = preSolution
		Debug|Any CPU = Debug|Any CPU
		Release|Any CPU = Release|Any CPU
	EndGlobalSection
	GlobalSection(ProjectConfigurationPlatforms) = postSolution
		{51B77834-3325-465C-95AA-22D45A90727D}.Debug|Any CPU.ActiveCfg = Debug|Any CPU
		{51B77834-3325-465C-95AA-22D45A90727D}.Debug|Any CPU.Build.0 = Debug|Any CPU
		{51B77834-3325-465C-95AA-22D45A90727D}.Release|Any CPU.ActiveCfg = Release|Any CPU
		{51B77834-3325-465C-95AA-22D45A90727D}.Release|Any CPU.Build.0 = Release|Any CPU
	EndGlobalSection
	GlobalSection(SolutionProperties) = preSolution
		HideSolutionNode = FALSE
	EndGlobalSection
	GlobalSection(ExtensibilityGlobals) = postSolution
		SolutionGuid = {A03FB7BA-9F59-4DD0-BD22-BD42BFD61A6D}
	EndGlobalSection
EndGlobal
